
Microsoft Visual Studio Solution File, Format Version 12.00
Project("{FAE04EC0-301F-11D3-BF4B-00C04F79EFBC}") = "SecretUserVars", "SecretUserVars\SecretUserVars.csproj", "{56F0D5FF-7CC9-498B-BF00-9B8A39122272}"
EndProject
Project("{FAE04EC0-301F-11D3-BF4B-00C04F79EFBC}") = "Console", "Console\Console.csproj", "{5367D546-1099-4785-AFD9-0BE4C25E9E66}"
EndProject
Global
	GlobalSection(SolutionConfigurationPlatforms) = preSolution
		Debug|Any CPU = Debug|Any CPU
		Release|Any CPU = Release|Any CPU
	EndGlobalSection
	GlobalSection(ProjectConfigurationPlatforms) = postSolution
		{56F0D5FF-7CC9-498B-BF00-9B8A39122272}.Debug|Any CPU.ActiveCfg = Debug|Any CPU
		{56F0D5FF-7CC9-498B-BF00-9B8A39122272}.Debug|Any CPU.Build.0 = Debug|Any CPU
		{56F0D5FF-7CC9-498B-BF00-9B8A39122272}.Release|Any CPU.ActiveCfg = Release|Any CPU
		{56F0D5FF-7CC9-498B-BF00-9B8A39122272}.Release|Any CPU.Build.0 = Release|Any CPU
		{5367D546-1099-4785-AFD9-0BE4C25E9E66}.Debug|Any CPU.ActiveCfg = Debug|Any CPU
		{5367D546-1099-4785-AFD9-0BE4C25E9E66}.Debug|Any CPU.Build.0 = Debug|Any CPU
		{5367D546-1099-4785-AFD9-0BE4C25E9E66}.Release|Any CPU.ActiveCfg = Release|Any CPU
		{5367D546-1099-4785-AFD9-0BE4C25E9E66}.Release|Any CPU.Build.0 = Release|Any CPU
	EndGlobalSection
EndGlobal
